<?xml version="1.0" encoding="utf-8"?>
<Project ToolsVersion="4.0" xmlns="http://schemas.microsoft.com/developer/msbuild/2003">
  <ItemGroup>
    <Filter Include="源文件">
      <UniqueIdentifier>{4FC737F1-C7A5-4376-A066-2A32D752A2FF}</UniqueIdentifier>
      <Extensions>cpp;c;cc;cxx;def;odl;idl;hpj;bat;asm;asmx</Extensions>
    </Filter>
    <Filter Include="头文件">
      <UniqueIdentifier>{93995380-89BD-4b04-88EB-625FBE52EBFB}</UniqueIdentifier>
      <Extensions>h;hh;hpp;hxx;hm;inl;inc;ipp;xsd</Extensions>
    </Filter>
    <Filter Include="源文件\Interpret">
      <UniqueIdentifier>{e02a894c-51d3-4eb7-a3bd-1be65cfbd2d6}</UniqueIdentifier>
    </Filter>
    <Filter Include="源文件\synAnaly">
      <UniqueIdentifier>{3d43cb2a-d46e-42fa-a9b7-abc3de557520}</UniqueIdentifier>
    </Filter>
    <Filter Include="源文件\lexAnaly">
      <UniqueIdentifier>{9fc66e39-c83c-46f0-978e-e7c098230299}</UniqueIdentifier>
    </Filter>
  </ItemGroup>
  <ItemGroup>
    <ClCompile Include="x0Compiler.c">
      <Filter>源文件</Filter>
    </ClCompile>
    <ClCompile Include="global.c">
      <Filter>源文件</Filter>
    </ClCompile>
    <ClCompile Include="Interpret\Interpret.c">
      <Filter>源文件\Interpret</Filter>
    </ClCompile>
    <ClCompile Include="synAnaly\enter.c">
      <Filter>源文件\synAnaly</Filter>
    </ClCompile>
    <ClCompile Include="synAnaly\error.c">
      <Filter>源文件\synAnaly</Filter>
    </ClCompile>
    <ClCompile Include="synAnaly\expression.c">
      <Filter>源文件\synAnaly</Filter>
    </ClCompile>
    <ClCompile Include="synAnaly\factor.c">
      <Filter>源文件\synAnaly</Filter>
    </ClCompile>
    <ClCompile Include="synAnaly\findPosition.c">
      <Filter>源文件\synAnaly</Filter>
    </ClCompile>
    <ClCompile Include="synAnaly\gen.c">
      <Filter>源文件\synAnaly</Filter>
    </ClCompile>
    <ClCompile Include="synAnaly\statement.c">
      <Filter>源文件\synAnaly</Filter>
    </ClCompile>
    <ClCompile Include="synAnaly\term.c">
      <Filter>源文件\synAnaly</Filter>
    </ClCompile>
    <ClCompile Include="synAnaly\type.c">
      <Filter>源文件\synAnaly</Filter>
    </ClCompile>
    <ClCompile Include="lexAnaly\getSym.c">
      <Filter>源文件\lexAnaly</Filter>
    </ClCompile>
    <ClCompile Include="synAnaly\additiveExpr.c">
      <Filter>源文件\synAnaly</Filter>
    </ClCompile>
    <ClCompile Include="synAnaly\compoundStat.c">
      <Filter>源文件\synAnaly</Filter>
    </ClCompile>
    <ClCompile Include="synAnaly\expressionStat.c">
      <Filter>源文件\synAnaly</Filter>
    </ClCompile>
    <ClCompile Include="synAnaly\forStat.c">
      <Filter>源文件\synAnaly</Filter>
    </ClCompile>
    <ClCompile Include="synAnaly\ifStat.c">
      <Filter>源文件\synAnaly</Filter>
    </ClCompile>
    <ClCompile Include="synAnaly\readStat.c">
      <Filter>源文件\synAnaly</Filter>
    </ClCompile>
    <ClCompile Include="synAnaly\statementList.c">
      <Filter>源文件\synAnaly</Filter>
    </ClCompile>
    <ClCompile Include="synAnaly\whileStat.c">
      <Filter>源文件\synAnaly</Filter>
    </ClCompile>
    <ClCompile Include="synAnaly\writeStat.c">
      <Filter>源文件\synAnaly</Filter>
    </ClCompile>
    <ClCompile Include="synAnaly\variable.c">
      <Filter>源文件\synAnaly</Filter>
    </ClCompile>
    <ClCompile Include="synAnaly\simpleVariable.c">
      <Filter>源文件\synAnaly</Filter>
    </ClCompile>
    <ClCompile Include="synAnaly\simpleValue.c">
      <Filter>源文件\synAnaly</Filter>
    </ClCompile>
    <ClCompile Include="synAnaly\valueExpr.c">
      <Filter>源文件\synAnaly</Filter>
    </ClCompile>
    <ClCompile Include="synAnaly\breakStat.c">
      <Filter>源文件\synAnaly</Filter>
    </ClCompile>
    <ClCompile Include="synAnaly\exitStat.c">
      <Filter>源文件\synAnaly</Filter>
    </ClCompile>
    <ClCompile Include="synAnaly\continueStat.c">
      <Filter>源文件\synAnaly</Filter>
    </ClCompile>
    <ClCompile Include="synAnaly\switchStat.c">
      <Filter>源文件\synAnaly</Filter>
    </ClCompile>
    <ClCompile Include="synAnaly\dowhileStat.c">
      <Filter>源文件\synAnaly</Filter>
    </ClCompile>
    <ClCompile Include="synAnaly\repeatStat.c">
      <Filter>源文件\synAnaly</Filter>
    </ClCompile>
    <ClCompile Include="lexAnaly\backup.c">
      <Filter>源文件\lexAnaly</Filter>
    </ClCompile>
    <ClCompile Include="lexAnaly\recover.c">
      <Filter>源文件\lexAnaly</Filter>
    </ClCompile>
    <ClCompile Include="synAnaly\varDeclarationStat.c">
      <Filter>源文件\synAnaly</Filter>
    </ClCompile>
    <ClCompile Include="synAnaly\varDeclarationList.c">
      <Filter>源文件\synAnaly</Filter>
    </ClCompile>
    <ClCompile Include="synAnaly\constDeclarationList.c">
      <Filter>源文件\synAnaly</Filter>
    </ClCompile>
    <ClCompile Include="synAnaly\constDeclarationStat.c">
      <Filter>源文件\synAnaly</Filter>
    </ClCompile>
  </ItemGroup>
  <ItemGroup>
    <ClInclude Include="global.h">
      <Filter>头文件</Filter>
    </ClInclude>
  </ItemGroup>
</Project>