<?xml version="1.0" encoding="utf-8"?>
<Project ToolsVersion="4.0" xmlns="http://schemas.microsoft.com/developer/msbuild/2003">
  <ItemGroup>
    <Filter Include="源文件">
      <UniqueIdentifier>{4FC737F1-C7A5-4376-A066-2A32D752A2FF}</UniqueIdentifier>
      <Extensions>cpp;c;cc;cxx;def;odl;idl;hpj;bat;asm;asmx</Extensions>
    </Filter>
    <Filter Include="头文件">
      <UniqueIdentifier>{93995380-89BD-4b04-88EB-625FBE52EBFB}</UniqueIdentifier>
      <Extensions>h;hh;hpp;hxx;hm;inl;inc;ipp;xsd</Extensions>
    </Filter>
    <Filter Include="源文件\Interpret">
      <UniqueIdentifier>{e02a894c-51d3-4eb7-a3bd-1be65cfbd2d6}</UniqueIdentifier>
    </Filter>
    <Filter Include="源文件\synAnaly">
      <UniqueIdentifier>{3d43cb2a-d46e-42fa-a9b7-abc3de557520}</UniqueIdentifier>
    </Filter>
    <Filter Include="源文件\lexAnaly">
      <UniqueIdentifier>{9fc66e39-c83c-46f0-978e-e7c098230299}</UniqueIdentifier>
    </Filter>
  </ItemGroup>
  <ItemGroup>
    <ClCompile Include="global.c">
      <Filter>源文件</Filter>
    </ClCompile>
    <ClCompile Include="Interpret\Interpret.c">
      <Filter>源文件\Interpret</Filter>
    </ClCompile>
    <ClCompile Include="synAnaly\enter.c">
      <Filter>源文件\synAnaly</Filter>
    </ClCompile>
    <ClCompile Include="synAnaly\error.c">
      <Filter>源文件\synAnaly</Filter>
    </ClCompile>
    <ClCompile Include="synAnaly\expression.c">
      <Filter>源文件\synAnaly</Filter>
    </ClCompile>
    <ClCompile Include="synAnaly\factor.c">
      <Filter>源文件\synAnaly</Filter>
    </ClCompile>
    <ClCompile Include="synAnaly\gen.c">
      <Filter>源文件\synAnaly</Filter>
    </ClCompile>
    <ClCompile Include="synAnaly\statement.c">
      <Filter>源文件\synAnaly</Filter>
    </ClCompile>
    <ClCompile Include="synAnaly\term.c">
      <Filter>源文件\synAnaly</Filter>
    </ClCompile>
    <ClCompile Include="synAnaly\type.c">
      <Filter>源文件\synAnaly</Filter>
    </ClCompile>
    <ClCompile Include="synAnaly\variable.c">
      <Filter>源文件\synAnaly</Filter>
    </ClCompile>
    <ClCompile Include="lexAnaly\backup.c">
      <Filter>源文件\lexAnaly</Filter>
    </ClCompile>
    <ClCompile Include="lexAnaly\recover.c">
      <Filter>源文件\lexAnaly</Filter>
    </ClCompile>
    <ClCompile Include="lexAnaly\readSymbol.c">
      <Filter>源文件\lexAnaly</Filter>
    </ClCompile>
    <ClCompile Include="synAnaly\additive_expr.c">
      <Filter>源文件\synAnaly</Filter>
    </ClCompile>
    <ClCompile Include="synAnaly\break_stat.c">
      <Filter>源文件\synAnaly</Filter>
    </ClCompile>
    <ClCompile Include="synAnaly\compound_stat.c">
      <Filter>源文件\synAnaly</Filter>
    </ClCompile>
    <ClCompile Include="synAnaly\const_declaration_list.c">
      <Filter>源文件\synAnaly</Filter>
    </ClCompile>
    <ClCompile Include="synAnaly\const_declaration_stat.c">
      <Filter>源文件\synAnaly</Filter>
    </ClCompile>
    <ClCompile Include="synAnaly\continue_stat.c">
      <Filter>源文件\synAnaly</Filter>
    </ClCompile>
    <ClCompile Include="synAnaly\dowhile_stat.c">
      <Filter>源文件\synAnaly</Filter>
    </ClCompile>
    <ClCompile Include="synAnaly\exit_stat.c">
      <Filter>源文件\synAnaly</Filter>
    </ClCompile>
    <ClCompile Include="synAnaly\expression_stat.c">
      <Filter>源文件\synAnaly</Filter>
    </ClCompile>
    <ClCompile Include="synAnaly\find_position.c">
      <Filter>源文件\synAnaly</Filter>
    </ClCompile>
    <ClCompile Include="synAnaly\for_stat.c">
      <Filter>源文件\synAnaly</Filter>
    </ClCompile>
    <ClCompile Include="synAnaly\if_stat.c">
      <Filter>源文件\synAnaly</Filter>
    </ClCompile>
    <ClCompile Include="synAnaly\read_stat.c">
      <Filter>源文件\synAnaly</Filter>
    </ClCompile>
    <ClCompile Include="synAnaly\repeat_stat.c">
      <Filter>源文件\synAnaly</Filter>
    </ClCompile>
    <ClCompile Include="synAnaly\simple_value.c">
      <Filter>源文件\synAnaly</Filter>
    </ClCompile>
    <ClCompile Include="synAnaly\simple_variable.c">
      <Filter>源文件\synAnaly</Filter>
    </ClCompile>
    <ClCompile Include="synAnaly\statement_list.c">
      <Filter>源文件\synAnaly</Filter>
    </ClCompile>
    <ClCompile Include="synAnaly\switch_stat.c">
      <Filter>源文件\synAnaly</Filter>
    </ClCompile>
    <ClCompile Include="synAnaly\value_expr.c">
      <Filter>源文件\synAnaly</Filter>
    </ClCompile>
    <ClCompile Include="synAnaly\var_declaration_list.c">
      <Filter>源文件\synAnaly</Filter>
    </ClCompile>
    <ClCompile Include="synAnaly\var_declaration_stat.c">
      <Filter>源文件\synAnaly</Filter>
    </ClCompile>
    <ClCompile Include="synAnaly\while_stat.c">
      <Filter>源文件\synAnaly</Filter>
    </ClCompile>
    <ClCompile Include="synAnaly\write_stat.c">
      <Filter>源文件\synAnaly</Filter>
    </ClCompile>
    <ClCompile Include="x0Compiler.c">
      <Filter>源文件</Filter>
    </ClCompile>
    <ClCompile Include="synAnaly\FunctionList.c">
      <Filter>源文件\synAnaly</Filter>
    </ClCompile>
    <ClCompile Include="synAnaly\FunctionStat.c">
      <Filter>源文件\synAnaly</Filter>
    </ClCompile>
  </ItemGroup>
  <ItemGroup>
    <ClInclude Include="global.h">
      <Filter>头文件</Filter>
    </ClInclude>
  </ItemGroup>
</Project>